// !$*UTF8*$!
{
	archiveVersion = 1;
	classes = {
	};
	objectVersion = 46;
	objects = {

/* Begin PBXBuildFile section */
		A301439019B75B6A007B687D /* libcute.a in Frameworks */ = {isa = PBXBuildFile; fileRef = A301438F19B75B6A007B687D /* libcute.a */; };
		A301439219B75BB2007B687D /* libpixie.a in Frameworks */ = {isa = PBXBuildFile; fileRef = A301439119B75BB2007B687D /* libpixie.a */; };
		A301439619B7619A007B687D /* HttpRequest.m in Sources */ = {isa = PBXBuildFile; fileRef = A301439519B7619A007B687D /* HttpRequest.m */; };
		A3559F2C19C34228007BCD90 /* PlainTextViewController.m in Sources */ = {isa = PBXBuildFile; fileRef = A3559F2A19C34228007BCD90 /* PlainTextViewController.m */; };
		A3559F2D19C34228007BCD90 /* PlainTextViewController.xib in Resources */ = {isa = PBXBuildFile; fileRef = A3559F2B19C34228007BCD90 /* PlainTextViewController.xib */; };
		A3C7043F19C3A25E006DE5E4 /* ArrayPairViewController.m in Sources */ = {isa = PBXBuildFile; fileRef = A3C7043D19C3A25E006DE5E4 /* ArrayPairViewController.m */; };
		A3C7044019C3A25E006DE5E4 /* ArrayPairViewController.xib in Resources */ = {isa = PBXBuildFile; fileRef = A3C7043E19C3A25E006DE5E4 /* ArrayPairViewController.xib */; };
		A3EE46F919B74C730092D3CB /* Cocoa.framework in Frameworks */ = {isa = PBXBuildFile; fileRef = A3EE46F819B74C730092D3CB /* Cocoa.framework */; };
		A3EE470319B74C730092D3CB /* InfoPlist.strings in Resources */ = {isa = PBXBuildFile; fileRef = A3EE470119B74C730092D3CB /* InfoPlist.strings */; };
		A3EE470519B74C730092D3CB /* main.m in Sources */ = {isa = PBXBuildFile; fileRef = A3EE470419B74C730092D3CB /* main.m */; };
		A3EE470919B74C730092D3CB /* Credits.rtf in Resources */ = {isa = PBXBuildFile; fileRef = A3EE470719B74C730092D3CB /* Credits.rtf */; };
		A3EE470C19B74C730092D3CB /* AppDelegate.m in Sources */ = {isa = PBXBuildFile; fileRef = A3EE470B19B74C730092D3CB /* AppDelegate.m */; };
		A3EE470F19B74C730092D3CB /* MainMenu.xib in Resources */ = {isa = PBXBuildFile; fileRef = A3EE470D19B74C730092D3CB /* MainMenu.xib */; };
		A3EE471119B74C730092D3CB /* Images.xcassets in Resources */ = {isa = PBXBuildFile; fileRef = A3EE471019B74C730092D3CB /* Images.xcassets */; };
		A3EE471819B74C730092D3CB /* XCTest.framework in Frameworks */ = {isa = PBXBuildFile; fileRef = A3EE471719B74C730092D3CB /* XCTest.framework */; };
		A3EE471919B74C730092D3CB /* Cocoa.framework in Frameworks */ = {isa = PBXBuildFile; fileRef = A3EE46F819B74C730092D3CB /* Cocoa.framework */; };
		A3EE472119B74C730092D3CB /* InfoPlist.strings in Resources */ = {isa = PBXBuildFile; fileRef = A3EE471F19B74C730092D3CB /* InfoPlist.strings */; };
		A3EE472319B74C730092D3CB /* PixieTests.m in Sources */ = {isa = PBXBuildFile; fileRef = A3EE472219B74C730092D3CB /* PixieTests.m */; };
/* End PBXBuildFile section */

/* Begin PBXContainerItemProxy section */
		A3EE471A19B74C730092D3CB /* PBXContainerItemProxy */ = {
			isa = PBXContainerItemProxy;
			containerPortal = A3EE46ED19B74C730092D3CB /* Project object */;
			proxyType = 1;
			remoteGlobalIDString = A3EE46F419B74C730092D3CB;
			remoteInfo = Pixie;
		};
/* End PBXContainerItemProxy section */

/* Begin PBXFileReference section */
		A301438F19B75B6A007B687D /* libcute.a */ = {isa = PBXFileReference; lastKnownFileType = archive.ar; name = libcute.a; path = ../../../../Cute/libcute.a; sourceTree = "<group>"; };
		A301439119B75BB2007B687D /* libpixie.a */ = {isa = PBXFileReference; lastKnownFileType = archive.ar; name = libpixie.a; path = ../../../libpixie.a; sourceTree = "<group>"; };
		A301439419B7619A007B687D /* HttpRequest.h */ = {isa = PBXFileReference; fileEncoding = 4; lastKnownFileType = sourcecode.c.h; path = HttpRequest.h; sourceTree = "<group>"; };
		A301439519B7619A007B687D /* HttpRequest.m */ = {isa = PBXFileReference; fileEncoding = 4; lastKnownFileType = sourcecode.c.objc; path = HttpRequest.m; sourceTree = "<group>"; };
		A3559F2919C34228007BCD90 /* PlainTextViewController.h */ = {isa = PBXFileReference; fileEncoding = 4; lastKnownFileType = sourcecode.c.h; path = PlainTextViewController.h; sourceTree = "<group>"; };
		A3559F2A19C34228007BCD90 /* PlainTextViewController.m */ = {isa = PBXFileReference; fileEncoding = 4; lastKnownFileType = sourcecode.c.objc; path = PlainTextViewController.m; sourceTree = "<group>"; };
		A3559F2B19C34228007BCD90 /* PlainTextViewController.xib */ = {isa = PBXFileReference; fileEncoding = 4; lastKnownFileType = file.xib; path = PlainTextViewController.xib; sourceTree = "<group>"; };
		A3C7043C19C3A25E006DE5E4 /* ArrayPairViewController.h */ = {isa = PBXFileReference; fileEncoding = 4; lastKnownFileType = sourcecode.c.h; path = ArrayPairViewController.h; sourceTree = "<group>"; };
		A3C7043D19C3A25E006DE5E4 /* ArrayPairViewController.m */ = {isa = PBXFileReference; fileEncoding = 4; lastKnownFileType = sourcecode.c.objc; path = ArrayPairViewController.m; sourceTree = "<group>"; };
		A3C7043E19C3A25E006DE5E4 /* ArrayPairViewController.xib */ = {isa = PBXFileReference; fileEncoding = 4; lastKnownFileType = file.xib; path = ArrayPairViewController.xib; sourceTree = "<group>"; };
		A3EE46F519B74C730092D3CB /* Pixie.app */ = {isa = PBXFileReference; explicitFileType = wrapper.application; includeInIndex = 0; path = Pixie.app; sourceTree = BUILT_PRODUCTS_DIR; };
		A3EE46F819B74C730092D3CB /* Cocoa.framework */ = {isa = PBXFileReference; lastKnownFileType = wrapper.framework; name = Cocoa.framework; path = System/Library/Frameworks/Cocoa.framework; sourceTree = SDKROOT; };
		A3EE46FB19B74C730092D3CB /* AppKit.framework */ = {isa = PBXFileReference; lastKnownFileType = wrapper.framework; name = AppKit.framework; path = System/Library/Frameworks/AppKit.framework; sourceTree = SDKROOT; };
		A3EE46FC19B74C730092D3CB /* CoreData.framework */ = {isa = PBXFileReference; lastKnownFileType = wrapper.framework; name = CoreData.framework; path = System/Library/Frameworks/CoreData.framework; sourceTree = SDKROOT; };
		A3EE46FD19B74C730092D3CB /* Foundation.framework */ = {isa = PBXFileReference; lastKnownFileType = wrapper.framework; name = Foundation.framework; path = System/Library/Frameworks/Foundation.framework; sourceTree = SDKROOT; };
		A3EE470019B74C730092D3CB /* Pixie-Info.plist */ = {isa = PBXFileReference; lastKnownFileType = text.plist.xml; path = "Pixie-Info.plist"; sourceTree = "<group>"; };
		A3EE470219B74C730092D3CB /* en */ = {isa = PBXFileReference; lastKnownFileType = text.plist.strings; name = en; path = en.lproj/InfoPlist.strings; sourceTree = "<group>"; };
		A3EE470419B74C730092D3CB /* main.m */ = {isa = PBXFileReference; lastKnownFileType = sourcecode.c.objc; path = main.m; sourceTree = "<group>"; };
		A3EE470619B74C730092D3CB /* Pixie-Prefix.pch */ = {isa = PBXFileReference; lastKnownFileType = sourcecode.c.h; path = "Pixie-Prefix.pch"; sourceTree = "<group>"; };
		A3EE470819B74C730092D3CB /* en */ = {isa = PBXFileReference; lastKnownFileType = text.rtf; name = en; path = en.lproj/Credits.rtf; sourceTree = "<group>"; };
		A3EE470A19B74C730092D3CB /* AppDelegate.h */ = {isa = PBXFileReference; lastKnownFileType = sourcecode.c.h; path = AppDelegate.h; sourceTree = "<group>"; };
		A3EE470B19B74C730092D3CB /* AppDelegate.m */ = {isa = PBXFileReference; lastKnownFileType = sourcecode.c.objc; path = AppDelegate.m; sourceTree = "<group>"; };
		A3EE470E19B74C730092D3CB /* Base */ = {isa = PBXFileReference; lastKnownFileType = file.xib; name = Base; path = Base.lproj/MainMenu.xib; sourceTree = "<group>"; };
		A3EE471019B74C730092D3CB /* Images.xcassets */ = {isa = PBXFileReference; lastKnownFileType = folder.assetcatalog; path = Images.xcassets; sourceTree = "<group>"; };
		A3EE471619B74C730092D3CB /* PixieTests.xctest */ = {isa = PBXFileReference; explicitFileType = wrapper.cfbundle; includeInIndex = 0; path = PixieTests.xctest; sourceTree = BUILT_PRODUCTS_DIR; };
		A3EE471719B74C730092D3CB /* XCTest.framework */ = {isa = PBXFileReference; lastKnownFileType = wrapper.framework; name = XCTest.framework; path = Library/Frameworks/XCTest.framework; sourceTree = DEVELOPER_DIR; };
		A3EE471E19B74C730092D3CB /* PixieTests-Info.plist */ = {isa = PBXFileReference; lastKnownFileType = text.plist.xml; path = "PixieTests-Info.plist"; sourceTree = "<group>"; };
		A3EE472019B74C730092D3CB /* en */ = {isa = PBXFileReference; lastKnownFileType = text.plist.strings; name = en; path = en.lproj/InfoPlist.strings; sourceTree = "<group>"; };
		A3EE472219B74C730092D3CB /* PixieTests.m */ = {isa = PBXFileReference; lastKnownFileType = sourcecode.c.objc; path = PixieTests.m; sourceTree = "<group>"; };
/* End PBXFileReference section */

/* Begin PBXFrameworksBuildPhase section */
		A3EE46F219B74C730092D3CB /* Frameworks */ = {
			isa = PBXFrameworksBuildPhase;
			buildActionMask = 2147483647;
			files = (
				A301439219B75BB2007B687D /* libpixie.a in Frameworks */,
				A301439019B75B6A007B687D /* libcute.a in Frameworks */,
				A3EE46F919B74C730092D3CB /* Cocoa.framework in Frameworks */,
			);
			runOnlyForDeploymentPostprocessing = 0;
		};
		A3EE471319B74C730092D3CB /* Frameworks */ = {
			isa = PBXFrameworksBuildPhase;
			buildActionMask = 2147483647;
			files = (
				A3EE471919B74C730092D3CB /* Cocoa.framework in Frameworks */,
				A3EE471819B74C730092D3CB /* XCTest.framework in Frameworks */,
			);
			runOnlyForDeploymentPostprocessing = 0;
		};
/* End PBXFrameworksBuildPhase section */

/* Begin PBXGroup section */
		A301439319B76170007B687D /* Model */ = {
			isa = PBXGroup;
			children = (
				A301439419B7619A007B687D /* HttpRequest.h */,
				A301439519B7619A007B687D /* HttpRequest.m */,
			);
			name = Model;
			sourceTree = "<group>";
		};
		A3559F2819C34202007BCD90 /* Controller */ = {
			isa = PBXGroup;
			children = (
				A3559F2919C34228007BCD90 /* PlainTextViewController.h */,
				A3559F2A19C34228007BCD90 /* PlainTextViewController.m */,
				A3559F2B19C34228007BCD90 /* PlainTextViewController.xib */,
				A3C7043C19C3A25E006DE5E4 /* ArrayPairViewController.h */,
				A3C7043D19C3A25E006DE5E4 /* ArrayPairViewController.m */,
				A3C7043E19C3A25E006DE5E4 /* ArrayPairViewController.xib */,
			);
			name = Controller;
			sourceTree = "<group>";
		};
		A3EE46EC19B74C730092D3CB = {
			isa = PBXGroup;
			children = (
				A3EE46FE19B74C730092D3CB /* Pixie */,
				A3EE471C19B74C730092D3CB /* PixieTests */,
				A3EE46F719B74C730092D3CB /* Frameworks */,
				A3EE46F619B74C730092D3CB /* Products */,
			);
			sourceTree = "<group>";
		};
		A3EE46F619B74C730092D3CB /* Products */ = {
			isa = PBXGroup;
			children = (
				A3EE46F519B74C730092D3CB /* Pixie.app */,
				A3EE471619B74C730092D3CB /* PixieTests.xctest */,
			);
			name = Products;
			sourceTree = "<group>";
		};
		A3EE46F719B74C730092D3CB /* Frameworks */ = {
			isa = PBXGroup;
			children = (
				A301439119B75BB2007B687D /* libpixie.a */,
				A301438F19B75B6A007B687D /* libcute.a */,
				A3EE46F819B74C730092D3CB /* Cocoa.framework */,
				A3EE471719B74C730092D3CB /* XCTest.framework */,
				A3EE46FA19B74C730092D3CB /* Other Frameworks */,
			);
			name = Frameworks;
			sourceTree = "<group>";
		};
		A3EE46FA19B74C730092D3CB /* Other Frameworks */ = {
			isa = PBXGroup;
			children = (
				A3EE46FB19B74C730092D3CB /* AppKit.framework */,
				A3EE46FC19B74C730092D3CB /* CoreData.framework */,
				A3EE46FD19B74C730092D3CB /* Foundation.framework */,
			);
			name = "Other Frameworks";
			sourceTree = "<group>";
		};
		A3EE46FE19B74C730092D3CB /* Pixie */ = {
			isa = PBXGroup;
			children = (
				A3559F2819C34202007BCD90 /* Controller */,
				A301439319B76170007B687D /* Model */,
				A3EE470A19B74C730092D3CB /* AppDelegate.h */,
				A3EE470B19B74C730092D3CB /* AppDelegate.m */,
				A3EE470D19B74C730092D3CB /* MainMenu.xib */,
				A3EE471019B74C730092D3CB /* Images.xcassets */,
				A3EE46FF19B74C730092D3CB /* Supporting Files */,
			);
			path = Pixie;
			sourceTree = "<group>";
		};
		A3EE46FF19B74C730092D3CB /* Supporting Files */ = {
			isa = PBXGroup;
			children = (
				A3EE470019B74C730092D3CB /* Pixie-Info.plist */,
				A3EE470119B74C730092D3CB /* InfoPlist.strings */,
				A3EE470419B74C730092D3CB /* main.m */,
				A3EE470619B74C730092D3CB /* Pixie-Prefix.pch */,
				A3EE470719B74C730092D3CB /* Credits.rtf */,
			);
			name = "Supporting Files";
			sourceTree = "<group>";
		};
		A3EE471C19B74C730092D3CB /* PixieTests */ = {
			isa = PBXGroup;
			children = (
				A3EE472219B74C730092D3CB /* PixieTests.m */,
				A3EE471D19B74C730092D3CB /* Supporting Files */,
			);
			path = PixieTests;
			sourceTree = "<group>";
		};
		A3EE471D19B74C730092D3CB /* Supporting Files */ = {
			isa = PBXGroup;
			children = (
				A3EE471E19B74C730092D3CB /* PixieTests-Info.plist */,
				A3EE471F19B74C730092D3CB /* InfoPlist.strings */,
			);
			name = "Supporting Files";
			sourceTree = "<group>";
		};
/* End PBXGroup section */

/* Begin PBXNativeTarget section */
		A3EE46F419B74C730092D3CB /* Pixie */ = {
			isa = PBXNativeTarget;
			buildConfigurationList = A3EE472619B74C730092D3CB /* Build configuration list for PBXNativeTarget "Pixie" */;
			buildPhases = (
				A3EE46F119B74C730092D3CB /* Sources */,
				A3EE46F219B74C730092D3CB /* Frameworks */,
				A3EE46F319B74C730092D3CB /* Resources */,
			);
			buildRules = (
			);
			dependencies = (
			);
			name = Pixie;
			productName = Pixie;
			productReference = A3EE46F519B74C730092D3CB /* Pixie.app */;
			productType = "com.apple.product-type.application";
		};
		A3EE471519B74C730092D3CB /* PixieTests */ = {
			isa = PBXNativeTarget;
			buildConfigurationList = A3EE472919B74C730092D3CB /* Build configuration list for PBXNativeTarget "PixieTests" */;
			buildPhases = (
				A3EE471219B74C730092D3CB /* Sources */,
				A3EE471319B74C730092D3CB /* Frameworks */,
				A3EE471419B74C730092D3CB /* Resources */,
			);
			buildRules = (
			);
			dependencies = (
				A3EE471B19B74C730092D3CB /* PBXTargetDependency */,
			);
			name = PixieTests;
			productName = PixieTests;
			productReference = A3EE471619B74C730092D3CB /* PixieTests.xctest */;
			productType = "com.apple.product-type.bundle.unit-test";
		};
/* End PBXNativeTarget section */

/* Begin PBXProject section */
		A3EE46ED19B74C730092D3CB /* Project object */ = {
			isa = PBXProject;
			attributes = {
				LastUpgradeCheck = 0510;
				ORGANIZATIONNAME = "Vikingo Games";
				TargetAttributes = {
					A3EE471519B74C730092D3CB = {
						TestTargetID = A3EE46F419B74C730092D3CB;
					};
				};
			};
			buildConfigurationList = A3EE46F019B74C730092D3CB /* Build configuration list for PBXProject "Pixie" */;
			compatibilityVersion = "Xcode 3.2";
			developmentRegion = English;
			hasScannedForEncodings = 0;
			knownRegions = (
				en,
				Base,
			);
			mainGroup = A3EE46EC19B74C730092D3CB;
			productRefGroup = A3EE46F619B74C730092D3CB /* Products */;
			projectDirPath = "";
			projectRoot = "";
			targets = (
				A3EE46F419B74C730092D3CB /* Pixie */,
				A3EE471519B74C730092D3CB /* PixieTests */,
			);
		};
/* End PBXProject section */

/* Begin PBXResourcesBuildPhase section */
		A3EE46F319B74C730092D3CB /* Resources */ = {
			isa = PBXResourcesBuildPhase;
			buildActionMask = 2147483647;
			files = (
				A3559F2D19C34228007BCD90 /* PlainTextViewController.xib in Resources */,
				A3EE470319B74C730092D3CB /* InfoPlist.strings in Resources */,
				A3EE471119B74C730092D3CB /* Images.xcassets in Resources */,
				A3EE470919B74C730092D3CB /* Credits.rtf in Resources */,
				A3C7044019C3A25E006DE5E4 /* ArrayPairViewController.xib in Resources */,
				A3EE470F19B74C730092D3CB /* MainMenu.xib in Resources */,
			);
			runOnlyForDeploymentPostprocessing = 0;
		};
		A3EE471419B74C730092D3CB /* Resources */ = {
			isa = PBXResourcesBuildPhase;
			buildActionMask = 2147483647;
			files = (
				A3EE472119B74C730092D3CB /* InfoPlist.strings in Resources */,
			);
			runOnlyForDeploymentPostprocessing = 0;
		};
/* End PBXResourcesBuildPhase section */

/* Begin PBXSourcesBuildPhase section */
		A3EE46F119B74C730092D3CB /* Sources */ = {
			isa = PBXSourcesBuildPhase;
			buildActionMask = 2147483647;
			files = (
				A3C7043F19C3A25E006DE5E4 /* ArrayPairViewController.m in Sources */,
				A3559F2C19C34228007BCD90 /* PlainTextViewController.m in Sources */,
				A3EE470C19B74C730092D3CB /* AppDelegate.m in Sources */,
				A301439619B7619A007B687D /* HttpRequest.m in Sources */,
				A3EE470519B74C730092D3CB /* main.m in Sources */,
			);
			runOnlyForDeploymentPostprocessing = 0;
		};
		A3EE471219B74C730092D3CB /* Sources */ = {
			isa = PBXSourcesBuildPhase;
			buildActionMask = 2147483647;
			files = (
				A3EE472319B74C730092D3CB /* PixieTests.m in Sources */,
			);
			runOnlyForDeploymentPostprocessing = 0;
		};
/* End PBXSourcesBuildPhase section */

/* Begin PBXTargetDependency section */
		A3EE471B19B74C730092D3CB /* PBXTargetDependency */ = {
			isa = PBXTargetDependency;
			target = A3EE46F419B74C730092D3CB /* Pixie */;
			targetProxy = A3EE471A19B74C730092D3CB /* PBXContainerItemProxy */;
		};
/* End PBXTargetDependency section */

/* Begin PBXVariantGroup section */
		A3EE470119B74C730092D3CB /* InfoPlist.strings */ = {
			isa = PBXVariantGroup;
			children = (
				A3EE470219B74C730092D3CB /* en */,
			);
			name = InfoPlist.strings;
			sourceTree = "<group>";
		};
		A3EE470719B74C730092D3CB /* Credits.rtf */ = {
			isa = PBXVariantGroup;
			children = (
				A3EE470819B74C730092D3CB /* en */,
			);
			name = Credits.rtf;
			sourceTree = "<group>";
		};
		A3EE470D19B74C730092D3CB /* MainMenu.xib */ = {
			isa = PBXVariantGroup;
			children = (
				A3EE470E19B74C730092D3CB /* Base */,
			);
			name = MainMenu.xib;
			sourceTree = "<group>";
		};
		A3EE471F19B74C730092D3CB /* InfoPlist.strings */ = {
			isa = PBXVariantGroup;
			children = (
				A3EE472019B74C730092D3CB /* en */,
			);
			name = InfoPlist.strings;
			sourceTree = "<group>";
		};
/* End PBXVariantGroup section */

/* Begin XCBuildConfiguration section */
		A3EE472419B74C730092D3CB /* Debug */ = {
			isa = XCBuildConfiguration;
			buildSettings = {
				ALWAYS_SEARCH_USER_PATHS = YES;
				CLANG_CXX_LANGUAGE_STANDARD = "gnu++0x";
				CLANG_CXX_LIBRARY = "libc++";
				CLANG_ENABLE_MODULES = YES;
				CLANG_ENABLE_OBJC_ARC = YES;
				CLANG_WARN_BOOL_CONVERSION = YES;
				CLANG_WARN_CONSTANT_CONVERSION = YES;
				CLANG_WARN_DIRECT_OBJC_ISA_USAGE = YES_ERROR;
				CLANG_WARN_EMPTY_BODY = YES;
				CLANG_WARN_ENUM_CONVERSION = YES;
				CLANG_WARN_INT_CONVERSION = YES;
				CLANG_WARN_OBJC_ROOT_CLASS = YES_ERROR;
				CLANG_WARN__DUPLICATE_METHOD_MATCH = YES;
				COPY_PHASE_STRIP = NO;
				GCC_C_LANGUAGE_STANDARD = gnu99;
				GCC_DYNAMIC_NO_PIC = NO;
				GCC_ENABLE_OBJC_EXCEPTIONS = YES;
				GCC_OPTIMIZATION_LEVEL = 0;
				GCC_PREPROCESSOR_DEFINITIONS = (
					"DEBUG=1",
					"$(inherited)",
				);
				GCC_SYMBOLS_PRIVATE_EXTERN = NO;
				GCC_WARN_64_TO_32_BIT_CONVERSION = YES;
				GCC_WARN_ABOUT_RETURN_TYPE = YES_ERROR;
				GCC_WARN_UNDECLARED_SELECTOR = YES;
				GCC_WARN_UNINITIALIZED_AUTOS = YES_AGGRESSIVE;
				GCC_WARN_UNUSED_FUNCTION = YES;
				GCC_WARN_UNUSED_VARIABLE = YES;
				MACOSX_DEPLOYMENT_TARGET = 10.9;
				ONLY_ACTIVE_ARCH = YES;
				SDKROOT = macosx;
			};
			name = Debug;
		};
		A3EE472519B74C730092D3CB /* Release */ = {
			isa = XCBuildConfiguration;
			buildSettings = {
				ALWAYS_SEARCH_USER_PATHS = YES;
				CLANG_CXX_LANGUAGE_STANDARD = "gnu++0x";
				CLANG_CXX_LIBRARY = "libc++";
				CLANG_ENABLE_MODULES = YES;
				CLANG_ENABLE_OBJC_ARC = YES;
				CLANG_WARN_BOOL_CONVERSION = YES;
				CLANG_WARN_CONSTANT_CONVERSION = YES;
				CLANG_WARN_DIRECT_OBJC_ISA_USAGE = YES_ERROR;
				CLANG_WARN_EMPTY_BODY = YES;
				CLANG_WARN_ENUM_CONVERSION = YES;
				CLANG_WARN_INT_CONVERSION = YES;
				CLANG_WARN_OBJC_ROOT_CLASS = YES_ERROR;
				CLANG_WARN__DUPLICATE_METHOD_MATCH = YES;
				COPY_PHASE_STRIP = YES;
				DEBUG_INFORMATION_FORMAT = "dwarf-with-dsym";
				ENABLE_NS_ASSERTIONS = NO;
				GCC_C_LANGUAGE_STANDARD = gnu99;
				GCC_ENABLE_OBJC_EXCEPTIONS = YES;
				GCC_WARN_64_TO_32_BIT_CONVERSION = YES;
				GCC_WARN_ABOUT_RETURN_TYPE = YES_ERROR;
				GCC_WARN_UNDECLARED_SELECTOR = YES;
				GCC_WARN_UNINITIALIZED_AUTOS = YES_AGGRESSIVE;
				GCC_WARN_UNUSED_FUNCTION = YES;
				GCC_WARN_UNUSED_VARIABLE = YES;
				MACOSX_DEPLOYMENT_TARGET = 10.9;
				SDKROOT = macosx;
			};
			name = Release;
		};
		A3EE472719B74C730092D3CB /* Debug */ = {
			isa = XCBuildConfiguration;
			buildSettings = {
				ALWAYS_SEARCH_USER_PATHS = YES;
				ASSETCATALOG_COMPILER_APPICON_NAME = AppIcon;
				COMBINE_HIDPI_IMAGES = YES;
				GCC_PRECOMPILE_PREFIX_HEADER = YES;
				GCC_PREFIX_HEADER = "Pixie/Pixie-Prefix.pch";
				INFOPLIST_FILE = "Pixie/Pixie-Info.plist";
				LIBRARY_SEARCH_PATHS = (
					"$(inherited)",
					/Users/bibhas/Documents/Cute,
					/Users/bibhas/Documents/Pixie,
				);
				PRODUCT_NAME = "$(TARGET_NAME)";
				USER_HEADER_SEARCH_PATHS = "";
				"USER_HEADER_SEARCH_PATHS[arch=*]" = "../../../Cute ../../../";
				WRAPPER_EXTENSION = app;
			};
			name = Debug;
		};
		A3EE472819B74C730092D3CB /* Release */ = {
			isa = XCBuildConfiguration;
			buildSettings = {
				ALWAYS_SEARCH_USER_PATHS = YES;
				ASSETCATALOG_COMPILER_APPICON_NAME = AppIcon;
				COMBINE_HIDPI_IMAGES = YES;
				GCC_PRECOMPILE_PREFIX_HEADER = YES;
				GCC_PREFIX_HEADER = "Pixie/Pixie-Prefix.pch";
				INFOPLIST_FILE = "Pixie/Pixie-Info.plist";
				LIBRARY_SEARCH_PATHS = (
					"$(inherited)",
					/Users/bibhas/Documents/Cute,
					/Users/bibhas/Documents/Pixie,
				);
				PRODUCT_NAME = "$(TARGET_NAME)";
				USER_HEADER_SEARCH_PATHS = "";
				"USER_HEADER_SEARCH_PATHS[arch=*]" = "../../../Cute ../../../";
				WRAPPER_EXTENSION = app;
			};
			name = Release;
		};
		A3EE472A19B74C730092D3CB /* Debug */ = {
			isa = XCBuildConfiguration;
			buildSettings = {
				BUNDLE_LOADER = "$(BUILT_PRODUCTS_DIR)/Pixie.app/Contents/MacOS/Pixie";
				COMBINE_HIDPI_IMAGES = YES;
				FRAMEWORK_SEARCH_PATHS = (
					"$(DEVELOPER_FRAMEWORKS_DIR)",
					"$(inherited)",
				);
				GCC_PRECOMPILE_PREFIX_HEADER = YES;
				GCC_PREFIX_HEADER = "Pixie/Pixie-Prefix.pch";
				GCC_PREPROCESSOR_DEFINITIONS = (
					"DEBUG=1",
					"$(inherited)",
				);
				INFOPLIST_FILE = "PixieTests/PixieTests-Info.plist";
				PRODUCT_NAME = "$(TARGET_NAME)";
				TEST_HOST = "$(BUNDLE_LOADER)";
				WRAPPER_EXTENSION = xctest;
			};
			name = Debug;
		};
		A3EE472B19B74C730092D3CB /* Release */ = {
			isa = XCBuildConfiguration;
			buildSettings = {
				BUNDLE_LOADER = "$(BUILT_PRODUCTS_DIR)/Pixie.app/Contents/MacOS/Pixie";
				COMBINE_HIDPI_IMAGES = YES;
				FRAMEWORK_SEARCH_PATHS = (
					"$(DEVELOPER_FRAMEWORKS_DIR)",
					"$(inherited)",
				);
				GCC_PRECOMPILE_PREFIX_HEADER = YES;
				GCC_PREFIX_HEADER = "Pixie/Pixie-Prefix.pch";
				INFOPLIST_FILE = "PixieTests/PixieTests-Info.plist";
				PRODUCT_NAME = "$(TARGET_NAME)";
				TEST_HOST = "$(BUNDLE_LOADER)";
				WRAPPER_EXTENSION = xctest;
			};
			name = Release;
		};
/* End XCBuildConfiguration section */

/* Begin XCConfigurationList section */
		A3EE46F019B74C730092D3CB /* Build configuration list for PBXProject "Pixie" */ = {
			isa = XCConfigurationList;
			buildConfigurations = (
				A3EE472419B74C730092D3CB /* Debug */,
				A3EE472519B74C730092D3CB /* Release */,
			);
			defaultConfigurationIsVisible = 0;
			defaultConfigurationName = Release;
		};
		A3EE472619B74C730092D3CB /* Build configuration list for PBXNativeTarget "Pixie" */ = {
			isa = XCConfigurationList;
			buildConfigurations = (
				A3EE472719B74C730092D3CB /* Debug */,
				A3EE472819B74C730092D3CB /* Release */,
			);
			defaultConfigurationIsVisible = 0;
			defaultConfigurationName = Release;
		};
		A3EE472919B74C730092D3CB /* Build configuration list for PBXNativeTarget "PixieTests" */ = {
			isa = XCConfigurationList;
			buildConfigurations = (
				A3EE472A19B74C730092D3CB /* Debug */,
				A3EE472B19B74C730092D3CB /* Release */,
			);
			defaultConfigurationIsVisible = 0;
			defaultConfigurationName = Release;
		};
/* End XCConfigurationList section */
	};
	rootObject = A3EE46ED19B74C730092D3CB /* Project object */;
}
